
Microsoft Visual Studio Solution File, Format Version 12.00
# Visual Studio Version 17
VisualStudioVersion = 17.14.36518.9 d17.14
MinimumVisualStudioVersion = 10.0.40219.1
Project("{FAE04EC0-301F-11D3-BF4B-00C04F79EFBC}") = "aspexample", "aspexample\aspexample.csproj", "{8132382F-4144-4A92-B443-6E6B042D0442}"
EndProject
Global
	GlobalSection(SolutionConfigurationPlatforms) = preSolution
		Debug|Any CPU = Debug|Any CPU
		Release|Any CPU = Release|Any CPU
	EndGlobalSection
	GlobalSection(ProjectConfigurationPlatforms) = postSolution
		{8132382F-4144-4A92-B443-6E6B042D0442}.Debug|Any CPU.ActiveCfg = Debug|Any CPU
		{8132382F-4144-4A92-B443-6E6B042D0442}.Debug|Any CPU.Build.0 = Debug|Any CPU
		{8132382F-4144-4A92-B443-6E6B042D0442}.Release|Any CPU.ActiveCfg = Release|Any CPU
		{8132382F-4144-4A92-B443-6E6B042D0442}.Release|Any CPU.Build.0 = Release|Any CPU
	EndGlobalSection
	GlobalSection(SolutionProperties) = preSolution
		HideSolutionNode = FALSE
	EndGlobalSection
	GlobalSection(ExtensibilityGlobals) = postSolution
		SolutionGuid = {AA876916-3F27-40D9-806A-9BC7C574B9D3}
	EndGlobalSection
EndGlobal
